// !$*UTF8*$!
{
	archiveVersion = 1;
	classes = {
	};
	objectVersion = 55;
	objects = {

/* Begin PBXBuildFile section */
		375659AF2834AFF3007E9E53 /* SwiftChessApp.swift in Sources */ = {isa = PBXBuildFile; fileRef = 375659AE2834AFF3007E9E53 /* SwiftChessApp.swift */; };
		375659B12834AFF3007E9E53 /* ContentView.swift in Sources */ = {isa = PBXBuildFile; fileRef = 375659B02834AFF3007E9E53 /* ContentView.swift */; };
		375659B32834AFF4007E9E53 /* Assets.xcassets in Resources */ = {isa = PBXBuildFile; fileRef = 375659B22834AFF4007E9E53 /* Assets.xcassets */; };
		375659B62834AFF4007E9E53 /* Preview Assets.xcassets in Resources */ = {isa = PBXBuildFile; fileRef = 375659B52834AFF4007E9E53 /* Preview Assets.xcassets */; };
		375659C02834AFF4007E9E53 /* SwiftChessTests.swift in Sources */ = {isa = PBXBuildFile; fileRef = 375659BF2834AFF4007E9E53 /* SwiftChessTests.swift */; };
		375659CA2834AFF4007E9E53 /* SwiftChessUITests.swift in Sources */ = {isa = PBXBuildFile; fileRef = 375659C92834AFF4007E9E53 /* SwiftChessUITests.swift */; };
		375659CC2834AFF4007E9E53 /* SwiftChessUITestsLaunchTests.swift in Sources */ = {isa = PBXBuildFile; fileRef = 375659CB2834AFF4007E9E53 /* SwiftChessUITestsLaunchTests.swift */; };
/* End PBXBuildFile section */

/* Begin PBXContainerItemProxy section */
		375659BC2834AFF4007E9E53 /* PBXContainerItemProxy */ = {
			isa = PBXContainerItemProxy;
			containerPortal = 375659A32834AFF3007E9E53 /* Project object */;
			proxyType = 1;
			remoteGlobalIDString = 375659AA2834AFF3007E9E53;
			remoteInfo = SwiftChess;
		};
		375659C62834AFF4007E9E53 /* PBXContainerItemProxy */ = {
			isa = PBXContainerItemProxy;
			containerPortal = 375659A32834AFF3007E9E53 /* Project object */;
			proxyType = 1;
			remoteGlobalIDString = 375659AA2834AFF3007E9E53;
			remoteInfo = SwiftChess;
		};
/* End PBXContainerItemProxy section */

/* Begin PBXFileReference section */
		375659AB2834AFF3007E9E53 /* SwiftChess.app */ = {isa = PBXFileReference; explicitFileType = wrapper.application; includeInIndex = 0; path = SwiftChess.app; sourceTree = BUILT_PRODUCTS_DIR; };
		375659AE2834AFF3007E9E53 /* SwiftChessApp.swift */ = {isa = PBXFileReference; lastKnownFileType = sourcecode.swift; path = SwiftChessApp.swift; sourceTree = "<group>"; };
		375659B02834AFF3007E9E53 /* ContentView.swift */ = {isa = PBXFileReference; lastKnownFileType = sourcecode.swift; path = ContentView.swift; sourceTree = "<group>"; };
		375659B22834AFF4007E9E53 /* Assets.xcassets */ = {isa = PBXFileReference; lastKnownFileType = folder.assetcatalog; path = Assets.xcassets; sourceTree = "<group>"; };
		375659B52834AFF4007E9E53 /* Preview Assets.xcassets */ = {isa = PBXFileReference; lastKnownFileType = folder.assetcatalog; path = "Preview Assets.xcassets"; sourceTree = "<group>"; };
		375659BB2834AFF4007E9E53 /* SwiftChessTests.xctest */ = {isa = PBXFileReference; explicitFileType = wrapper.cfbundle; includeInIndex = 0; path = SwiftChessTests.xctest; sourceTree = BUILT_PRODUCTS_DIR; };
		375659BF2834AFF4007E9E53 /* SwiftChessTests.swift */ = {isa = PBXFileReference; lastKnownFileType = sourcecode.swift; path = SwiftChessTests.swift; sourceTree = "<group>"; };
		375659C52834AFF4007E9E53 /* SwiftChessUITests.xctest */ = {isa = PBXFileReference; explicitFileType = wrapper.cfbundle; includeInIndex = 0; path = SwiftChessUITests.xctest; sourceTree = BUILT_PRODUCTS_DIR; };
		375659C92834AFF4007E9E53 /* SwiftChessUITests.swift */ = {isa = PBXFileReference; lastKnownFileType = sourcecode.swift; path = SwiftChessUITests.swift; sourceTree = "<group>"; };
		375659CB2834AFF4007E9E53 /* SwiftChessUITestsLaunchTests.swift */ = {isa = PBXFileReference; lastKnownFileType = sourcecode.swift; path = SwiftChessUITestsLaunchTests.swift; sourceTree = "<group>"; };
/* End PBXFileReference section */

/* Begin PBXFrameworksBuildPhase section */
		375659A82834AFF3007E9E53 /* Frameworks */ = {
			isa = PBXFrameworksBuildPhase;
			buildActionMask = 2147483647;
			files = (
			);
			runOnlyForDeploymentPostprocessing = 0;
		};
		375659B82834AFF4007E9E53 /* Frameworks */ = {
			isa = PBXFrameworksBuildPhase;
			buildActionMask = 2147483647;
			files = (
			);
			runOnlyForDeploymentPostprocessing = 0;
		};
		375659C22834AFF4007E9E53 /* Frameworks */ = {
			isa = PBXFrameworksBuildPhase;
			buildActionMask = 2147483647;
			files = (
			);
			runOnlyForDeploymentPostprocessing = 0;
		};
/* End PBXFrameworksBuildPhase section */

/* Begin PBXGroup section */
		375659A22834AFF3007E9E53 = {
			isa = PBXGroup;
			children = (
				375659AD2834AFF3007E9E53 /* SwiftChess */,
				375659BE2834AFF4007E9E53 /* SwiftChessTests */,
				375659C82834AFF4007E9E53 /* SwiftChessUITests */,
				375659AC2834AFF3007E9E53 /* Products */,
			);
			sourceTree = "<group>";
		};
		375659AC2834AFF3007E9E53 /* Products */ = {
			isa = PBXGroup;
			children = (
				375659AB2834AFF3007E9E53 /* SwiftChess.app */,
				375659BB2834AFF4007E9E53 /* SwiftChessTests.xctest */,
				375659C52834AFF4007E9E53 /* SwiftChessUITests.xctest */,
			);
			name = Products;
			sourceTree = "<group>";
		};
		375659AD2834AFF3007E9E53 /* SwiftChess */ = {
			isa = PBXGroup;
			children = (
				375659AE2834AFF3007E9E53 /* SwiftChessApp.swift */,
				375659B02834AFF3007E9E53 /* ContentView.swift */,
				375659B22834AFF4007E9E53 /* Assets.xcassets */,
				375659B42834AFF4007E9E53 /* Preview Content */,
			);
			path = SwiftChess;
			sourceTree = "<group>";
		};
		375659B42834AFF4007E9E53 /* Preview Content */ = {
			isa = PBXGroup;
			children = (
				375659B52834AFF4007E9E53 /* Preview Assets.xcassets */,
			);
			path = "Preview Content";
			sourceTree = "<group>";
		};
		375659BE2834AFF4007E9E53 /* SwiftChessTests */ = {
			isa = PBXGroup;
			children = (
				375659BF2834AFF4007E9E53 /* SwiftChessTests.swift */,
			);
			path = SwiftChessTests;
			sourceTree = "<group>";
		};
		375659C82834AFF4007E9E53 /* SwiftChessUITests */ = {
			isa = PBXGroup;
			children = (
				375659C92834AFF4007E9E53 /* SwiftChessUITests.swift */,
				375659CB2834AFF4007E9E53 /* SwiftChessUITestsLaunchTests.swift */,
			);
			path = SwiftChessUITests;
			sourceTree = "<group>";
		};
/* End PBXGroup section */

/* Begin PBXNativeTarget section */
		375659AA2834AFF3007E9E53 /* SwiftChess */ = {
			isa = PBXNativeTarget;
			buildConfigurationList = 375659CF2834AFF4007E9E53 /* Build configuration list for PBXNativeTarget "SwiftChess" */;
			buildPhases = (
				375659A72834AFF3007E9E53 /* Sources */,
				375659A82834AFF3007E9E53 /* Frameworks */,
				375659A92834AFF3007E9E53 /* Resources */,
			);
			buildRules = (
			);
			dependencies = (
			);
			name = SwiftChess;
			productName = SwiftChess;
			productReference = 375659AB2834AFF3007E9E53 /* SwiftChess.app */;
			productType = "com.apple.product-type.application";
		};
		375659BA2834AFF4007E9E53 /* SwiftChessTests */ = {
			isa = PBXNativeTarget;
			buildConfigurationList = 375659D22834AFF4007E9E53 /* Build configuration list for PBXNativeTarget "SwiftChessTests" */;
			buildPhases = (
				375659B72834AFF4007E9E53 /* Sources */,
				375659B82834AFF4007E9E53 /* Frameworks */,
				375659B92834AFF4007E9E53 /* Resources */,
			);
			buildRules = (
			);
			dependencies = (
				375659BD2834AFF4007E9E53 /* PBXTargetDependency */,
			);
			name = SwiftChessTests;
			productName = SwiftChessTests;
			productReference = 375659BB2834AFF4007E9E53 /* SwiftChessTests.xctest */;
			productType = "com.apple.product-type.bundle.unit-test";
		};
		375659C42834AFF4007E9E53 /* SwiftChessUITests */ = {
			isa = PBXNativeTarget;
			buildConfigurationList = 375659D52834AFF4007E9E53 /* Build configuration list for PBXNativeTarget "SwiftChessUITests" */;
			buildPhases = (
				375659C12834AFF4007E9E53 /* Sources */,
				375659C22834AFF4007E9E53 /* Frameworks */,
				375659C32834AFF4007E9E53 /* Resources */,
			);
			buildRules = (
			);
			dependencies = (
				375659C72834AFF4007E9E53 /* PBXTargetDependency */,
			);
			name = SwiftChessUITests;
			productName = SwiftChessUITests;
			productReference = 375659C52834AFF4007E9E53 /* SwiftChessUITests.xctest */;
			productType = "com.apple.product-type.bundle.ui-testing";
		};
/* End PBXNativeTarget section */

/* Begin PBXProject section */
		375659A32834AFF3007E9E53 /* Project object */ = {
			isa = PBXProject;
			attributes = {
				BuildIndependentTargetsInParallel = 1;
				LastSwiftUpdateCheck = 1330;
				LastUpgradeCheck = 1330;
				TargetAttributes = {
					375659AA2834AFF3007E9E53 = {
						CreatedOnToolsVersion = 13.3.1;
					};
					375659BA2834AFF4007E9E53 = {
						CreatedOnToolsVersion = 13.3.1;
						TestTargetID = 375659AA2834AFF3007E9E53;
					};
					375659C42834AFF4007E9E53 = {
						CreatedOnToolsVersion = 13.3.1;
						TestTargetID = 375659AA2834AFF3007E9E53;
					};
				};
			};
			buildConfigurationList = 375659A62834AFF3007E9E53 /* Build configuration list for PBXProject "SwiftChess" */;
			compatibilityVersion = "Xcode 13.0";
			developmentRegion = en;
			hasScannedForEncodings = 0;
			knownRegions = (
				en,
				Base,
			);
			mainGroup = 375659A22834AFF3007E9E53;
			productRefGroup = 375659AC2834AFF3007E9E53 /* Products */;
			projectDirPath = "";
			projectRoot = "";
			targets = (
				375659AA2834AFF3007E9E53 /* SwiftChess */,
				375659BA2834AFF4007E9E53 /* SwiftChessTests */,
				375659C42834AFF4007E9E53 /* SwiftChessUITests */,
			);
		};
/* End PBXProject section */

/* Begin PBXResourcesBuildPhase section */
		375659A92834AFF3007E9E53 /* Resources */ = {
			isa = PBXResourcesBuildPhase;
			buildActionMask = 2147483647;
			files = (
				375659B62834AFF4007E9E53 /* Preview Assets.xcassets in Resources */,
				375659B32834AFF4007E9E53 /* Assets.xcassets in Resources */,
			);
			runOnlyForDeploymentPostprocessing = 0;
		};
		375659B92834AFF4007E9E53 /* Resources */ = {
			isa = PBXResourcesBuildPhase;
			buildActionMask = 2147483647;
			files = (
			);
			runOnlyForDeploymentPostprocessing = 0;
		};
		375659C32834AFF4007E9E53 /* Resources */ = {
			isa = PBXResourcesBuildPhase;
			buildActionMask = 2147483647;
			files = (
			);
			runOnlyForDeploymentPostprocessing = 0;
		};
/* End PBXResourcesBuildPhase section */

/* Begin PBXSourcesBuildPhase section */
		375659A72834AFF3007E9E53 /* Sources */ = {
			isa = PBXSourcesBuildPhase;
			buildActionMask = 2147483647;
			files = (
				375659B12834AFF3007E9E53 /* ContentView.swift in Sources */,
				375659AF2834AFF3007E9E53 /* SwiftChessApp.swift in Sources */,
			);
			runOnlyForDeploymentPostprocessing = 0;
		};
		375659B72834AFF4007E9E53 /* Sources */ = {
			isa = PBXSourcesBuildPhase;
			buildActionMask = 2147483647;
			files = (
				375659C02834AFF4007E9E53 /* SwiftChessTests.swift in Sources */,
			);
			runOnlyForDeploymentPostprocessing = 0;
		};
		375659C12834AFF4007E9E53 /* Sources */ = {
			isa = PBXSourcesBuildPhase;
			buildActionMask = 2147483647;
			files = (
				375659CA2834AFF4007E9E53 /* SwiftChessUITests.swift in Sources */,
				375659CC2834AFF4007E9E53 /* SwiftChessUITestsLaunchTests.swift in Sources */,
			);
			runOnlyForDeploymentPostprocessing = 0;
		};
/* End PBXSourcesBuildPhase section */

/* Begin PBXTargetDependency section */
		375659BD2834AFF4007E9E53 /* PBXTargetDependency */ = {
			isa = PBXTargetDependency;
			target = 375659AA2834AFF3007E9E53 /* SwiftChess */;
			targetProxy = 375659BC2834AFF4007E9E53 /* PBXContainerItemProxy */;
		};
		375659C72834AFF4007E9E53 /* PBXTargetDependency */ = {
			isa = PBXTargetDependency;
			target = 375659AA2834AFF3007E9E53 /* SwiftChess */;
			targetProxy = 375659C62834AFF4007E9E53 /* PBXContainerItemProxy */;
		};
/* End PBXTargetDependency section */

/* Begin XCBuildConfiguration section */
		375659CD2834AFF4007E9E53 /* Debug */ = {
			isa = XCBuildConfiguration;
			buildSettings = {
				ALWAYS_SEARCH_USER_PATHS = NO;
				CLANG_ANALYZER_NONNULL = YES;
				CLANG_ANALYZER_NUMBER_OBJECT_CONVERSION = YES_AGGRESSIVE;
				CLANG_CXX_LANGUAGE_STANDARD = "gnu++17";
				CLANG_ENABLE_MODULES = YES;
				CLANG_ENABLE_OBJC_ARC = YES;
				CLANG_ENABLE_OBJC_WEAK = YES;
				CLANG_WARN_BLOCK_CAPTURE_AUTORELEASING = YES;
				CLANG_WARN_BOOL_CONVERSION = YES;
				CLANG_WARN_COMMA = YES;
				CLANG_WARN_CONSTANT_CONVERSION = YES;
				CLANG_WARN_DEPRECATED_OBJC_IMPLEMENTATIONS = YES;
				CLANG_WARN_DIRECT_OBJC_ISA_USAGE = YES_ERROR;
				CLANG_WARN_DOCUMENTATION_COMMENTS = YES;
				CLANG_WARN_EMPTY_BODY = YES;
				CLANG_WARN_ENUM_CONVERSION = YES;
				CLANG_WARN_INFINITE_RECURSION = YES;
				CLANG_WARN_INT_CONVERSION = YES;
				CLANG_WARN_NON_LITERAL_NULL_CONVERSION = YES;
				CLANG_WARN_OBJC_IMPLICIT_RETAIN_SELF = YES;
				CLANG_WARN_OBJC_LITERAL_CONVERSION = YES;
				CLANG_WARN_OBJC_ROOT_CLASS = YES_ERROR;
				CLANG_WARN_QUOTED_INCLUDE_IN_FRAMEWORK_HEADER = YES;
				CLANG_WARN_RANGE_LOOP_ANALYSIS = YES;
				CLANG_WARN_STRICT_PROTOTYPES = YES;
				CLANG_WARN_SUSPICIOUS_MOVE = YES;
				CLANG_WARN_UNGUARDED_AVAILABILITY = YES_AGGRESSIVE;
				CLANG_WARN_UNREACHABLE_CODE = YES;
				CLANG_WARN__DUPLICATE_METHOD_MATCH = YES;
				COPY_PHASE_STRIP = NO;
				DEBUG_INFORMATION_FORMAT = dwarf;
				ENABLE_STRICT_OBJC_MSGSEND = YES;
				ENABLE_TESTABILITY = YES;
				GCC_C_LANGUAGE_STANDARD = gnu11;
				GCC_DYNAMIC_NO_PIC = NO;
				GCC_NO_COMMON_BLOCKS = YES;
				GCC_OPTIMIZATION_LEVEL = 0;
				GCC_PREPROCESSOR_DEFINITIONS = (
					"DEBUG=1",
					"$(inherited)",
				);
				GCC_WARN_64_TO_32_BIT_CONVERSION = YES;
				GCC_WARN_ABOUT_RETURN_TYPE = YES_ERROR;
				GCC_WARN_UNDECLARED_SELECTOR = YES;
				GCC_WARN_UNINITIALIZED_AUTOS = YES_AGGRESSIVE;
				GCC_WARN_UNUSED_FUNCTION = YES;
				GCC_WARN_UNUSED_VARIABLE = YES;
				IPHONEOS_DEPLOYMENT_TARGET = 15.4;
				MTL_ENABLE_DEBUG_INFO = INCLUDE_SOURCE;
				MTL_FAST_MATH = YES;
				ONLY_ACTIVE_ARCH = YES;
				SDKROOT = iphoneos;
				SWIFT_ACTIVE_COMPILATION_CONDITIONS = DEBUG;
				SWIFT_OPTIMIZATION_LEVEL = "-Onone";
			};
			name = Debug;
		};
		375659CE2834AFF4007E9E53 /* Release */ = {
			isa = XCBuildConfiguration;
			buildSettings = {
				ALWAYS_SEARCH_USER_PATHS = NO;
				CLANG_ANALYZER_NONNULL = YES;
				CLANG_ANALYZER_NUMBER_OBJECT_CONVERSION = YES_AGGRESSIVE;
				CLANG_CXX_LANGUAGE_STANDARD = "gnu++17";
				CLANG_ENABLE_MODULES = YES;
				CLANG_ENABLE_OBJC_ARC = YES;
				CLANG_ENABLE_OBJC_WEAK = YES;
				CLANG_WARN_BLOCK_CAPTURE_AUTORELEASING = YES;
				CLANG_WARN_BOOL_CONVERSION = YES;
				CLANG_WARN_COMMA = YES;
				CLANG_WARN_CONSTANT_CONVERSION = YES;
				CLANG_WARN_DEPRECATED_OBJC_IMPLEMENTATIONS = YES;
				CLANG_WARN_DIRECT_OBJC_ISA_USAGE = YES_ERROR;
				CLANG_WARN_DOCUMENTATION_COMMENTS = YES;
				CLANG_WARN_EMPTY_BODY = YES;
				CLANG_WARN_ENUM_CONVERSION = YES;
				CLANG_WARN_INFINITE_RECURSION = YES;
				CLANG_WARN_INT_CONVERSION = YES;
				CLANG_WARN_NON_LITERAL_NULL_CONVERSION = YES;
				CLANG_WARN_OBJC_IMPLICIT_RETAIN_SELF = YES;
				CLANG_WARN_OBJC_LITERAL_CONVERSION = YES;
				CLANG_WARN_OBJC_ROOT_CLASS = YES_ERROR;
				CLANG_WARN_QUOTED_INCLUDE_IN_FRAMEWORK_HEADER = YES;
				CLANG_WARN_RANGE_LOOP_ANALYSIS = YES;
				CLANG_WARN_STRICT_PROTOTYPES = YES;
				CLANG_WARN_SUSPICIOUS_MOVE = YES;
				CLANG_WARN_UNGUARDED_AVAILABILITY = YES_AGGRESSIVE;
				CLANG_WARN_UNREACHABLE_CODE = YES;
				CLANG_WARN__DUPLICATE_METHOD_MATCH = YES;
				COPY_PHASE_STRIP = NO;
				DEBUG_INFORMATION_FORMAT = "dwarf-with-dsym";
				ENABLE_NS_ASSERTIONS = NO;
				ENABLE_STRICT_OBJC_MSGSEND = YES;
				GCC_C_LANGUAGE_STANDARD = gnu11;
				GCC_NO_COMMON_BLOCKS = YES;
				GCC_WARN_64_TO_32_BIT_CONVERSION = YES;
				GCC_WARN_ABOUT_RETURN_TYPE = YES_ERROR;
				GCC_WARN_UNDECLARED_SELECTOR = YES;
				GCC_WARN_UNINITIALIZED_AUTOS = YES_AGGRESSIVE;
				GCC_WARN_UNUSED_FUNCTION = YES;
				GCC_WARN_UNUSED_VARIABLE = YES;
				IPHONEOS_DEPLOYMENT_TARGET = 15.4;
				MTL_ENABLE_DEBUG_INFO = NO;
				MTL_FAST_MATH = YES;
				SDKROOT = iphoneos;
				SWIFT_COMPILATION_MODE = wholemodule;
				SWIFT_OPTIMIZATION_LEVEL = "-O";
				VALIDATE_PRODUCT = YES;
			};
			name = Release;
		};
		375659D02834AFF4007E9E53 /* Debug */ = {
			isa = XCBuildConfiguration;
			buildSettings = {
				ASSETCATALOG_COMPILER_APPICON_NAME = AppIcon;
				ASSETCATALOG_COMPILER_GLOBAL_ACCENT_COLOR_NAME = AccentColor;
				CODE_SIGN_STYLE = Automatic;
				CURRENT_PROJECT_VERSION = 1;
				DEVELOPMENT_ASSET_PATHS = "\"SwiftChess/Preview Content\"";
				DEVELOPMENT_TEAM = N9ZAQ2Q7Q6;
				ENABLE_PREVIEWS = YES;
				GENERATE_INFOPLIST_FILE = YES;
				INFOPLIST_KEY_UIApplicationSceneManifest_Generation = YES;
				INFOPLIST_KEY_UIApplicationSupportsIndirectInputEvents = YES;
				INFOPLIST_KEY_UILaunchScreen_Generation = YES;
				INFOPLIST_KEY_UISupportedInterfaceOrientations_iPad = "UIInterfaceOrientationPortrait UIInterfaceOrientationPortraitUpsideDown UIInterfaceOrientationLandscapeLeft UIInterfaceOrientationLandscapeRight";
				INFOPLIST_KEY_UISupportedInterfaceOrientations_iPhone = "UIInterfaceOrientationPortrait UIInterfaceOrientationLandscapeLeft UIInterfaceOrientationLandscapeRight";
				LD_RUNPATH_SEARCH_PATHS = (
					"$(inherited)",
					"@executable_path/Frameworks",
				);
				MARKETING_VERSION = 1.0;
				PRODUCT_BUNDLE_IDENTIFIER = com.splattitorium.SwiftChess;
				PRODUCT_NAME = "$(TARGET_NAME)";
				SWIFT_EMIT_LOC_STRINGS = YES;
				SWIFT_VERSION = 5.0;
				TARGETED_DEVICE_FAMILY = "1,2";
			};
			name = Debug;
		};
		375659D12834AFF4007E9E53 /* Release */ = {
			isa = XCBuildConfiguration;
			buildSettings = {
				ASSETCATALOG_COMPILER_APPICON_NAME = AppIcon;
				ASSETCATALOG_COMPILER_GLOBAL_ACCENT_COLOR_NAME = AccentColor;
				CODE_SIGN_STYLE = Automatic;
				CURRENT_PROJECT_VERSION = 1;
				DEVELOPMENT_ASSET_PATHS = "\"SwiftChess/Preview Content\"";
				DEVELOPMENT_TEAM = N9ZAQ2Q7Q6;
				ENABLE_PREVIEWS = YES;
				GENERATE_INFOPLIST_FILE = YES;
				INFOPLIST_KEY_UIApplicationSceneManifest_Generation = YES;
				INFOPLIST_KEY_UIApplicationSupportsIndirectInputEvents = YES;
				INFOPLIST_KEY_UILaunchScreen_Generation = YES;
				INFOPLIST_KEY_UISupportedInterfaceOrientations_iPad = "UIInterfaceOrientationPortrait UIInterfaceOrientationPortraitUpsideDown UIInterfaceOrientationLandscapeLeft UIInterfaceOrientationLandscapeRight";
				INFOPLIST_KEY_UISupportedInterfaceOrientations_iPhone = "UIInterfaceOrientationPortrait UIInterfaceOrientationLandscapeLeft UIInterfaceOrientationLandscapeRight";
				LD_RUNPATH_SEARCH_PATHS = (
					"$(inherited)",
					"@executable_path/Frameworks",
				);
				MARKETING_VERSION = 1.0;
				PRODUCT_BUNDLE_IDENTIFIER = com.splattitorium.SwiftChess;
				PRODUCT_NAME = "$(TARGET_NAME)";
				SWIFT_EMIT_LOC_STRINGS = YES;
				SWIFT_VERSION = 5.0;
				TARGETED_DEVICE_FAMILY = "1,2";
			};
			name = Release;
		};
		375659D32834AFF4007E9E53 /* Debug */ = {
			isa = XCBuildConfiguration;
			buildSettings = {
				ALWAYS_EMBED_SWIFT_STANDARD_LIBRARIES = YES;
				BUNDLE_LOADER = "$(TEST_HOST)";
				CODE_SIGN_STYLE = Automatic;
				CURRENT_PROJECT_VERSION = 1;
				DEVELOPMENT_TEAM = N9ZAQ2Q7Q6;
				GENERATE_INFOPLIST_FILE = YES;
				IPHONEOS_DEPLOYMENT_TARGET = 15.4;
				MARKETING_VERSION = 1.0;
				PRODUCT_BUNDLE_IDENTIFIER = com.splattitorium.SwiftChessTests;
				PRODUCT_NAME = "$(TARGET_NAME)";
				SWIFT_EMIT_LOC_STRINGS = NO;
				SWIFT_VERSION = 5.0;
				TARGETED_DEVICE_FAMILY = "1,2";
				TEST_HOST = "$(BUILT_PRODUCTS_DIR)/SwiftChess.app/SwiftChess";
			};
			name = Debug;
		};
		375659D42834AFF4007E9E53 /* Release */ = {
			isa = XCBuildConfiguration;
			buildSettings = {
				ALWAYS_EMBED_SWIFT_STANDARD_LIBRARIES = YES;
				BUNDLE_LOADER = "$(TEST_HOST)";
				CODE_SIGN_STYLE = Automatic;
				CURRENT_PROJECT_VERSION = 1;
				DEVELOPMENT_TEAM = N9ZAQ2Q7Q6;
				GENERATE_INFOPLIST_FILE = YES;
				IPHONEOS_DEPLOYMENT_TARGET = 15.4;
				MARKETING_VERSION = 1.0;
				PRODUCT_BUNDLE_IDENTIFIER = com.splattitorium.SwiftChessTests;
				PRODUCT_NAME = "$(TARGET_NAME)";
				SWIFT_EMIT_LOC_STRINGS = NO;
				SWIFT_VERSION = 5.0;
				TARGETED_DEVICE_FAMILY = "1,2";
				TEST_HOST = "$(BUILT_PRODUCTS_DIR)/SwiftChess.app/SwiftChess";
			};
			name = Release;
		};
		375659D62834AFF4007E9E53 /* Debug */ = {
			isa = XCBuildConfiguration;
			buildSettings = {
				ALWAYS_EMBED_SWIFT_STANDARD_LIBRARIES = YES;
				CODE_SIGN_STYLE = Automatic;
				CURRENT_PROJECT_VERSION = 1;
				DEVELOPMENT_TEAM = N9ZAQ2Q7Q6;
				GENERATE_INFOPLIST_FILE = YES;
				MARKETING_VERSION = 1.0;
				PRODUCT_BUNDLE_IDENTIFIER = com.splattitorium.SwiftChessUITests;
				PRODUCT_NAME = "$(TARGET_NAME)";
				SWIFT_EMIT_LOC_STRINGS = NO;
				SWIFT_VERSION = 5.0;
				TARGETED_DEVICE_FAMILY = "1,2";
				TEST_TARGET_NAME = SwiftChess;
			};
			name = Debug;
		};
		375659D72834AFF4007E9E53 /* Release */ = {
			isa = XCBuildConfiguration;
			buildSettings = {
				ALWAYS_EMBED_SWIFT_STANDARD_LIBRARIES = YES;
				CODE_SIGN_STYLE = Automatic;
				CURRENT_PROJECT_VERSION = 1;
				DEVELOPMENT_TEAM = N9ZAQ2Q7Q6;
				GENERATE_INFOPLIST_FILE = YES;
				MARKETING_VERSION = 1.0;
				PRODUCT_BUNDLE_IDENTIFIER = com.splattitorium.SwiftChessUITests;
				PRODUCT_NAME = "$(TARGET_NAME)";
				SWIFT_EMIT_LOC_STRINGS = NO;
				SWIFT_VERSION = 5.0;
				TARGETED_DEVICE_FAMILY = "1,2";
				TEST_TARGET_NAME = SwiftChess;
			};
			name = Release;
		};
/* End XCBuildConfiguration section */

/* Begin XCConfigurationList section */
		375659A62834AFF3007E9E53 /* Build configuration list for PBXProject "SwiftChess" */ = {
			isa = XCConfigurationList;
			buildConfigurations = (
				375659CD2834AFF4007E9E53 /* Debug */,
				375659CE2834AFF4007E9E53 /* Release */,
			);
			defaultConfigurationIsVisible = 0;
			defaultConfigurationName = Release;
		};
		375659CF2834AFF4007E9E53 /* Build configuration list for PBXNativeTarget "SwiftChess" */ = {
			isa = XCConfigurationList;
			buildConfigurations = (
				375659D02834AFF4007E9E53 /* Debug */,
				375659D12834AFF4007E9E53 /* Release */,
			);
			defaultConfigurationIsVisible = 0;
			defaultConfigurationName = Release;
		};
		375659D22834AFF4007E9E53 /* Build configuration list for PBXNativeTarget "SwiftChessTests" */ = {
			isa = XCConfigurationList;
			buildConfigurations = (
				375659D32834AFF4007E9E53 /* Debug */,
				375659D42834AFF4007E9E53 /* Release */,
			);
			defaultConfigurationIsVisible = 0;
			defaultConfigurationName = Release;
		};
		375659D52834AFF4007E9E53 /* Build configuration list for PBXNativeTarget "SwiftChessUITests" */ = {
			isa = XCConfigurationList;
			buildConfigurations = (
				375659D62834AFF4007E9E53 /* Debug */,
				375659D72834AFF4007E9E53 /* Release */,
			);
			defaultConfigurationIsVisible = 0;
			defaultConfigurationName = Release;
		};
/* End XCConfigurationList section */
	};
	rootObject = 375659A32834AFF3007E9E53 /* Project object */;
}
